# This file is autogenerated, do not edit; changes may be undone by the next 'dep ensure'.


[[projects]]
  branch = "master"
  name = "github.com/aaron-vaz/golang-utils"
  packages = ["pkg/util"]
  revision = "a6acc468de1b57c22f5fd50b40093f0dcc87a0ea"

[[projects]]
  name = "github.com/aws/aws-lambda-go"
  packages = [
    "lambda",
    "lambda/messages",
    "lambdacontext"
  ]
  revision = "928161204cad89472f9e6b5dd49ce16bc91230de"
  version = "v1.8.1"

[solve-meta]
  analyzer-name = "dep"
  analyzer-version = 1
  inputs-digest = "da0ff0030fefdb77bbe4cf2d7444228cec22aa7c44a0f0d8cb24c76b5d77a1b8"
  solver-name = "gps-cdcl"
  solver-version = 1
